// !$*UTF8*$!
{
	archiveVersion = 1;
	classes = {
	};
	objectVersion = 50;
	objects = {

/* Begin PBXBuildFile section */
		4041D1AB23323E220096A239 /* AppDelegate.swift in Sources */ = {isa = PBXBuildFile; fileRef = 4041D1AA23323E220096A239 /* AppDelegate.swift */; };
		4041D1AD23323E220096A239 /* ViewController.swift in Sources */ = {isa = PBXBuildFile; fileRef = 4041D1AC23323E220096A239 /* ViewController.swift */; };
		4041D1B023323E220096A239 /* Main.storyboard in Resources */ = {isa = PBXBuildFile; fileRef = 4041D1AE23323E220096A239 /* Main.storyboard */; };
		4041D1B323323E220096A239 /* Roll_dice.xcdatamodeld in Sources */ = {isa = PBXBuildFile; fileRef = 4041D1B123323E220096A239 /* Roll_dice.xcdatamodeld */; };
		4041D1B523323E270096A239 /* Assets.xcassets in Resources */ = {isa = PBXBuildFile; fileRef = 4041D1B423323E270096A239 /* Assets.xcassets */; };
		4041D1B823323E270096A239 /* LaunchScreen.storyboard in Resources */ = {isa = PBXBuildFile; fileRef = 4041D1B623323E270096A239 /* LaunchScreen.storyboard */; };
		4041D1C323323E270096A239 /* Roll_diceTests.swift in Sources */ = {isa = PBXBuildFile; fileRef = 4041D1C223323E270096A239 /* Roll_diceTests.swift */; };
		4041D1CE23323E270096A239 /* Roll_diceUITests.swift in Sources */ = {isa = PBXBuildFile; fileRef = 4041D1CD23323E270096A239 /* Roll_diceUITests.swift */; };
/* End PBXBuildFile section */

/* Begin PBXContainerItemProxy section */
		4041D1BF23323E270096A239 /* PBXContainerItemProxy */ = {
			isa = PBXContainerItemProxy;
			containerPortal = 4041D19F23323E220096A239 /* Project object */;
			proxyType = 1;
			remoteGlobalIDString = 4041D1A623323E220096A239;
			remoteInfo = "Roll dice";
		};
		4041D1CA23323E270096A239 /* PBXContainerItemProxy */ = {
			isa = PBXContainerItemProxy;
			containerPortal = 4041D19F23323E220096A239 /* Project object */;
			proxyType = 1;
			remoteGlobalIDString = 4041D1A623323E220096A239;
			remoteInfo = "Roll dice";
		};
/* End PBXContainerItemProxy section */

/* Begin PBXFileReference section */
		4041D1A723323E220096A239 /* Roll dice.app */ = {isa = PBXFileReference; explicitFileType = wrapper.application; includeInIndex = 0; path = "Roll dice.app"; sourceTree = BUILT_PRODUCTS_DIR; };
		4041D1AA23323E220096A239 /* AppDelegate.swift */ = {isa = PBXFileReference; lastKnownFileType = sourcecode.swift; path = AppDelegate.swift; sourceTree = "<group>"; };
		4041D1AC23323E220096A239 /* ViewController.swift */ = {isa = PBXFileReference; lastKnownFileType = sourcecode.swift; path = ViewController.swift; sourceTree = "<group>"; };
		4041D1AF23323E220096A239 /* Base */ = {isa = PBXFileReference; lastKnownFileType = file.storyboard; name = Base; path = Base.lproj/Main.storyboard; sourceTree = "<group>"; };
		4041D1B223323E220096A239 /* Roll_dice.xcdatamodel */ = {isa = PBXFileReference; lastKnownFileType = wrapper.xcdatamodel; path = Roll_dice.xcdatamodel; sourceTree = "<group>"; };
		4041D1B423323E270096A239 /* Assets.xcassets */ = {isa = PBXFileReference; lastKnownFileType = folder.assetcatalog; path = Assets.xcassets; sourceTree = "<group>"; };
		4041D1B723323E270096A239 /* Base */ = {isa = PBXFileReference; lastKnownFileType = file.storyboard; name = Base; path = Base.lproj/LaunchScreen.storyboard; sourceTree = "<group>"; };
		4041D1B923323E270096A239 /* Info.plist */ = {isa = PBXFileReference; lastKnownFileType = text.plist.xml; path = Info.plist; sourceTree = "<group>"; };
		4041D1BE23323E270096A239 /* Roll diceTests.xctest */ = {isa = PBXFileReference; explicitFileType = wrapper.cfbundle; includeInIndex = 0; path = "Roll diceTests.xctest"; sourceTree = BUILT_PRODUCTS_DIR; };
		4041D1C223323E270096A239 /* Roll_diceTests.swift */ = {isa = PBXFileReference; lastKnownFileType = sourcecode.swift; path = Roll_diceTests.swift; sourceTree = "<group>"; };
		4041D1C423323E270096A239 /* Info.plist */ = {isa = PBXFileReference; lastKnownFileType = text.plist.xml; path = Info.plist; sourceTree = "<group>"; };
		4041D1C923323E270096A239 /* Roll diceUITests.xctest */ = {isa = PBXFileReference; explicitFileType = wrapper.cfbundle; includeInIndex = 0; path = "Roll diceUITests.xctest"; sourceTree = BUILT_PRODUCTS_DIR; };
		4041D1CD23323E270096A239 /* Roll_diceUITests.swift */ = {isa = PBXFileReference; lastKnownFileType = sourcecode.swift; path = Roll_diceUITests.swift; sourceTree = "<group>"; };
		4041D1CF23323E270096A239 /* Info.plist */ = {isa = PBXFileReference; lastKnownFileType = text.plist.xml; path = Info.plist; sourceTree = "<group>"; };
/* End PBXFileReference section */

/* Begin PBXFrameworksBuildPhase section */
		4041D1A423323E220096A239 /* Frameworks */ = {
			isa = PBXFrameworksBuildPhase;
			buildActionMask = 2147483647;
			files = (
			);
			runOnlyForDeploymentPostprocessing = 0;
		};
		4041D1BB23323E270096A239 /* Frameworks */ = {
			isa = PBXFrameworksBuildPhase;
			buildActionMask = 2147483647;
			files = (
			);
			runOnlyForDeploymentPostprocessing = 0;
		};
		4041D1C623323E270096A239 /* Frameworks */ = {
			isa = PBXFrameworksBuildPhase;
			buildActionMask = 2147483647;
			files = (
			);
			runOnlyForDeploymentPostprocessing = 0;
		};
/* End PBXFrameworksBuildPhase section */

/* Begin PBXGroup section */
		4041D19E23323E220096A239 = {
			isa = PBXGroup;
			children = (
				4041D1A923323E220096A239 /* Roll dice */,
				4041D1C123323E270096A239 /* Roll diceTests */,
				4041D1CC23323E270096A239 /* Roll diceUITests */,
				4041D1A823323E220096A239 /* Products */,
			);
			sourceTree = "<group>";
		};
		4041D1A823323E220096A239 /* Products */ = {
			isa = PBXGroup;
			children = (
				4041D1A723323E220096A239 /* Roll dice.app */,
				4041D1BE23323E270096A239 /* Roll diceTests.xctest */,
				4041D1C923323E270096A239 /* Roll diceUITests.xctest */,
			);
			name = Products;
			sourceTree = "<group>";
		};
		4041D1A923323E220096A239 /* Roll dice */ = {
			isa = PBXGroup;
			children = (
				4041D1AA23323E220096A239 /* AppDelegate.swift */,
				4041D1AC23323E220096A239 /* ViewController.swift */,
				4041D1AE23323E220096A239 /* Main.storyboard */,
				4041D1B423323E270096A239 /* Assets.xcassets */,
				4041D1B623323E270096A239 /* LaunchScreen.storyboard */,
				4041D1B923323E270096A239 /* Info.plist */,
				4041D1B123323E220096A239 /* Roll_dice.xcdatamodeld */,
			);
			path = "Roll dice";
			sourceTree = "<group>";
		};
		4041D1C123323E270096A239 /* Roll diceTests */ = {
			isa = PBXGroup;
			children = (
				4041D1C223323E270096A239 /* Roll_diceTests.swift */,
				4041D1C423323E270096A239 /* Info.plist */,
			);
			path = "Roll diceTests";
			sourceTree = "<group>";
		};
		4041D1CC23323E270096A239 /* Roll diceUITests */ = {
			isa = PBXGroup;
			children = (
				4041D1CD23323E270096A239 /* Roll_diceUITests.swift */,
				4041D1CF23323E270096A239 /* Info.plist */,
			);
			path = "Roll diceUITests";
			sourceTree = "<group>";
		};
/* End PBXGroup section */

/* Begin PBXNativeTarget section */
		4041D1A623323E220096A239 /* Roll dice */ = {
			isa = PBXNativeTarget;
			buildConfigurationList = 4041D1D223323E270096A239 /* Build configuration list for PBXNativeTarget "Roll dice" */;
			buildPhases = (
				4041D1A323323E220096A239 /* Sources */,
				4041D1A423323E220096A239 /* Frameworks */,
				4041D1A523323E220096A239 /* Resources */,
			);
			buildRules = (
			);
			dependencies = (
			);
			name = "Roll dice";
			productName = "Roll dice";
			productReference = 4041D1A723323E220096A239 /* Roll dice.app */;
			productType = "com.apple.product-type.application";
		};
		4041D1BD23323E270096A239 /* Roll diceTests */ = {
			isa = PBXNativeTarget;
			buildConfigurationList = 4041D1D523323E270096A239 /* Build configuration list for PBXNativeTarget "Roll diceTests" */;
			buildPhases = (
				4041D1BA23323E270096A239 /* Sources */,
				4041D1BB23323E270096A239 /* Frameworks */,
				4041D1BC23323E270096A239 /* Resources */,
			);
			buildRules = (
			);
			dependencies = (
				4041D1C023323E270096A239 /* PBXTargetDependency */,
			);
			name = "Roll diceTests";
			productName = "Roll diceTests";
			productReference = 4041D1BE23323E270096A239 /* Roll diceTests.xctest */;
			productType = "com.apple.product-type.bundle.unit-test";
		};
		4041D1C823323E270096A239 /* Roll diceUITests */ = {
			isa = PBXNativeTarget;
			buildConfigurationList = 4041D1D823323E270096A239 /* Build configuration list for PBXNativeTarget "Roll diceUITests" */;
			buildPhases = (
				4041D1C523323E270096A239 /* Sources */,
				4041D1C623323E270096A239 /* Frameworks */,
				4041D1C723323E270096A239 /* Resources */,
			);
			buildRules = (
			);
			dependencies = (
				4041D1CB23323E270096A239 /* PBXTargetDependency */,
			);
			name = "Roll diceUITests";
			productName = "Roll diceUITests";
			productReference = 4041D1C923323E270096A239 /* Roll diceUITests.xctest */;
			productType = "com.apple.product-type.bundle.ui-testing";
		};
/* End PBXNativeTarget section */

/* Begin PBXProject section */
		4041D19F23323E220096A239 /* Project object */ = {
			isa = PBXProject;
			attributes = {
				LastSwiftUpdateCheck = 1010;
				LastUpgradeCheck = 1010;
				ORGANIZATIONNAME = "Andreas Prasetyo";
				TargetAttributes = {
					4041D1A623323E220096A239 = {
						CreatedOnToolsVersion = 10.1;
					};
					4041D1BD23323E270096A239 = {
						CreatedOnToolsVersion = 10.1;
						TestTargetID = 4041D1A623323E220096A239;
					};
					4041D1C823323E270096A239 = {
						CreatedOnToolsVersion = 10.1;
						TestTargetID = 4041D1A623323E220096A239;
					};
				};
			};
			buildConfigurationList = 4041D1A223323E220096A239 /* Build configuration list for PBXProject "Roll dice" */;
			compatibilityVersion = "Xcode 9.3";
			developmentRegion = en;
			hasScannedForEncodings = 0;
			knownRegions = (
				en,
				Base,
			);
			mainGroup = 4041D19E23323E220096A239;
			productRefGroup = 4041D1A823323E220096A239 /* Products */;
			projectDirPath = "";
			projectRoot = "";
			targets = (
				4041D1A623323E220096A239 /* Roll dice */,
				4041D1BD23323E270096A239 /* Roll diceTests */,
				4041D1C823323E270096A239 /* Roll diceUITests */,
			);
		};
/* End PBXProject section */

/* Begin PBXResourcesBuildPhase section */
		4041D1A523323E220096A239 /* Resources */ = {
			isa = PBXResourcesBuildPhase;
			buildActionMask = 2147483647;
			files = (
				4041D1B823323E270096A239 /* LaunchScreen.storyboard in Resources */,
				4041D1B523323E270096A239 /* Assets.xcassets in Resources */,
				4041D1B023323E220096A239 /* Main.storyboard in Resources */,
			);
			runOnlyForDeploymentPostprocessing = 0;
		};
		4041D1BC23323E270096A239 /* Resources */ = {
			isa = PBXResourcesBuildPhase;
			buildActionMask = 2147483647;
			files = (
			);
			runOnlyForDeploymentPostprocessing = 0;
		};
		4041D1C723323E270096A239 /* Resources */ = {
			isa = PBXResourcesBuildPhase;
			buildActionMask = 2147483647;
			files = (
			);
			runOnlyForDeploymentPostprocessing = 0;
		};
/* End PBXResourcesBuildPhase section */

/* Begin PBXSourcesBuildPhase section */
		4041D1A323323E220096A239 /* Sources */ = {
			isa = PBXSourcesBuildPhase;
			buildActionMask = 2147483647;
			files = (
				4041D1B323323E220096A239 /* Roll_dice.xcdatamodeld in Sources */,
				4041D1AD23323E220096A239 /* ViewController.swift in Sources */,
				4041D1AB23323E220096A239 /* AppDelegate.swift in Sources */,
			);
			runOnlyForDeploymentPostprocessing = 0;
		};
		4041D1BA23323E270096A239 /* Sources */ = {
			isa = PBXSourcesBuildPhase;
			buildActionMask = 2147483647;
			files = (
				4041D1C323323E270096A239 /* Roll_diceTests.swift in Sources */,
			);
			runOnlyForDeploymentPostprocessing = 0;
		};
		4041D1C523323E270096A239 /* Sources */ = {
			isa = PBXSourcesBuildPhase;
			buildActionMask = 2147483647;
			files = (
				4041D1CE23323E270096A239 /* Roll_diceUITests.swift in Sources */,
			);
			runOnlyForDeploymentPostprocessing = 0;
		};
/* End PBXSourcesBuildPhase section */

/* Begin PBXTargetDependency section */
		4041D1C023323E270096A239 /* PBXTargetDependency */ = {
			isa = PBXTargetDependency;
			target = 4041D1A623323E220096A239 /* Roll dice */;
			targetProxy = 4041D1BF23323E270096A239 /* PBXContainerItemProxy */;
		};
		4041D1CB23323E270096A239 /* PBXTargetDependency */ = {
			isa = PBXTargetDependency;
			target = 4041D1A623323E220096A239 /* Roll dice */;
			targetProxy = 4041D1CA23323E270096A239 /* PBXContainerItemProxy */;
		};
/* End PBXTargetDependency section */

/* Begin PBXVariantGroup section */
		4041D1AE23323E220096A239 /* Main.storyboard */ = {
			isa = PBXVariantGroup;
			children = (
				4041D1AF23323E220096A239 /* Base */,
			);
			name = Main.storyboard;
			sourceTree = "<group>";
		};
		4041D1B623323E270096A239 /* LaunchScreen.storyboard */ = {
			isa = PBXVariantGroup;
			children = (
				4041D1B723323E270096A239 /* Base */,
			);
			name = LaunchScreen.storyboard;
			sourceTree = "<group>";
		};
/* End PBXVariantGroup section */

/* Begin XCBuildConfiguration section */
		4041D1D023323E270096A239 /* Debug */ = {
			isa = XCBuildConfiguration;
			buildSettings = {
				ALWAYS_SEARCH_USER_PATHS = NO;
				CLANG_ANALYZER_NONNULL = YES;
				CLANG_ANALYZER_NUMBER_OBJECT_CONVERSION = YES_AGGRESSIVE;
				CLANG_CXX_LANGUAGE_STANDARD = "gnu++14";
				CLANG_CXX_LIBRARY = "libc++";
				CLANG_ENABLE_MODULES = YES;
				CLANG_ENABLE_OBJC_ARC = YES;
				CLANG_ENABLE_OBJC_WEAK = YES;
				CLANG_WARN_BLOCK_CAPTURE_AUTORELEASING = YES;
				CLANG_WARN_BOOL_CONVERSION = YES;
				CLANG_WARN_COMMA = YES;
				CLANG_WARN_CONSTANT_CONVERSION = YES;
				CLANG_WARN_DEPRECATED_OBJC_IMPLEMENTATIONS = YES;
				CLANG_WARN_DIRECT_OBJC_ISA_USAGE = YES_ERROR;
				CLANG_WARN_DOCUMENTATION_COMMENTS = YES;
				CLANG_WARN_EMPTY_BODY = YES;
				CLANG_WARN_ENUM_CONVERSION = YES;
				CLANG_WARN_INFINITE_RECURSION = YES;
				CLANG_WARN_INT_CONVERSION = YES;
				CLANG_WARN_NON_LITERAL_NULL_CONVERSION = YES;
				CLANG_WARN_OBJC_IMPLICIT_RETAIN_SELF = YES;
				CLANG_WARN_OBJC_LITERAL_CONVERSION = YES;
				CLANG_WARN_OBJC_ROOT_CLASS = YES_ERROR;
				CLANG_WARN_RANGE_LOOP_ANALYSIS = YES;
				CLANG_WARN_STRICT_PROTOTYPES = YES;
				CLANG_WARN_SUSPICIOUS_MOVE = YES;
				CLANG_WARN_UNGUARDED_AVAILABILITY = YES_AGGRESSIVE;
				CLANG_WARN_UNREACHABLE_CODE = YES;
				CLANG_WARN__DUPLICATE_METHOD_MATCH = YES;
				CODE_SIGN_IDENTITY = "iPhone Developer";
				COPY_PHASE_STRIP = NO;
				DEBUG_INFORMATION_FORMAT = dwarf;
				ENABLE_STRICT_OBJC_MSGSEND = YES;
				ENABLE_TESTABILITY = YES;
				GCC_C_LANGUAGE_STANDARD = gnu11;
				GCC_DYNAMIC_NO_PIC = NO;
				GCC_NO_COMMON_BLOCKS = YES;
				GCC_OPTIMIZATION_LEVEL = 0;
				GCC_PREPROCESSOR_DEFINITIONS = (
					"DEBUG=1",
					"$(inherited)",
				);
				GCC_WARN_64_TO_32_BIT_CONVERSION = YES;
				GCC_WARN_ABOUT_RETURN_TYPE = YES_ERROR;
				GCC_WARN_UNDECLARED_SELECTOR = YES;
				GCC_WARN_UNINITIALIZED_AUTOS = YES_AGGRESSIVE;
				GCC_WARN_UNUSED_FUNCTION = YES;
				GCC_WARN_UNUSED_VARIABLE = YES;
				IPHONEOS_DEPLOYMENT_TARGET = 12.1;
				MTL_ENABLE_DEBUG_INFO = INCLUDE_SOURCE;
				MTL_FAST_MATH = YES;
				ONLY_ACTIVE_ARCH = YES;
				SDKROOT = iphoneos;
				SWIFT_ACTIVE_COMPILATION_CONDITIONS = DEBUG;
				SWIFT_OPTIMIZATION_LEVEL = "-Onone";
			};
			name = Debug;
		};
		4041D1D123323E270096A239 /* Release */ = {
			isa = XCBuildConfiguration;
			buildSettings = {
				ALWAYS_SEARCH_USER_PATHS = NO;
				CLANG_ANALYZER_NONNULL = YES;
				CLANG_ANALYZER_NUMBER_OBJECT_CONVERSION = YES_AGGRESSIVE;
				CLANG_CXX_LANGUAGE_STANDARD = "gnu++14";
				CLANG_CXX_LIBRARY = "libc++";
				CLANG_ENABLE_MODULES = YES;
				CLANG_ENABLE_OBJC_ARC = YES;
				CLANG_ENABLE_OBJC_WEAK = YES;
				CLANG_WARN_BLOCK_CAPTURE_AUTORELEASING = YES;
				CLANG_WARN_BOOL_CONVERSION = YES;
				CLANG_WARN_COMMA = YES;
				CLANG_WARN_CONSTANT_CONVERSION = YES;
				CLANG_WARN_DEPRECATED_OBJC_IMPLEMENTATIONS = YES;
				CLANG_WARN_DIRECT_OBJC_ISA_USAGE = YES_ERROR;
				CLANG_WARN_DOCUMENTATION_COMMENTS = YES;
				CLANG_WARN_EMPTY_BODY = YES;
				CLANG_WARN_ENUM_CONVERSION = YES;
				CLANG_WARN_INFINITE_RECURSION = YES;
				CLANG_WARN_INT_CONVERSION = YES;
				CLANG_WARN_NON_LITERAL_NULL_CONVERSION = YES;
				CLANG_WARN_OBJC_IMPLICIT_RETAIN_SELF = YES;
				CLANG_WARN_OBJC_LITERAL_CONVERSION = YES;
				CLANG_WARN_OBJC_ROOT_CLASS = YES_ERROR;
				CLANG_WARN_RANGE_LOOP_ANALYSIS = YES;
				CLANG_WARN_STRICT_PROTOTYPES = YES;
				CLANG_WARN_SUSPICIOUS_MOVE = YES;
				CLANG_WARN_UNGUARDED_AVAILABILITY = YES_AGGRESSIVE;
				CLANG_WARN_UNREACHABLE_CODE = YES;
				CLANG_WARN__DUPLICATE_METHOD_MATCH = YES;
				CODE_SIGN_IDENTITY = "iPhone Developer";
				COPY_PHASE_STRIP = NO;
				DEBUG_INFORMATION_FORMAT = "dwarf-with-dsym";
				ENABLE_NS_ASSERTIONS = NO;
				ENABLE_STRICT_OBJC_MSGSEND = YES;
				GCC_C_LANGUAGE_STANDARD = gnu11;
				GCC_NO_COMMON_BLOCKS = YES;
				GCC_WARN_64_TO_32_BIT_CONVERSION = YES;
				GCC_WARN_ABOUT_RETURN_TYPE = YES_ERROR;
				GCC_WARN_UNDECLARED_SELECTOR = YES;
				GCC_WARN_UNINITIALIZED_AUTOS = YES_AGGRESSIVE;
				GCC_WARN_UNUSED_FUNCTION = YES;
				GCC_WARN_UNUSED_VARIABLE = YES;
				IPHONEOS_DEPLOYMENT_TARGET = 12.1;
				MTL_ENABLE_DEBUG_INFO = NO;
				MTL_FAST_MATH = YES;
				SDKROOT = iphoneos;
				SWIFT_COMPILATION_MODE = wholemodule;
				SWIFT_OPTIMIZATION_LEVEL = "-O";
				VALIDATE_PRODUCT = YES;
			};
			name = Release;
		};
		4041D1D323323E270096A239 /* Debug */ = {
			isa = XCBuildConfiguration;
			buildSettings = {
				ASSETCATALOG_COMPILER_APPICON_NAME = AppIcon;
				CODE_SIGN_STYLE = Automatic;
				INFOPLIST_FILE = "Roll dice/Info.plist";
				LD_RUNPATH_SEARCH_PATHS = (
					"$(inherited)",
					"@executable_path/Frameworks",
				);
				PRODUCT_BUNDLE_IDENTIFIER = "Andreas.Roll-dice";
				PRODUCT_NAME = "$(TARGET_NAME)";
				SWIFT_VERSION = 4.2;
				TARGETED_DEVICE_FAMILY = "1,2";
			};
			name = Debug;
		};
		4041D1D423323E270096A239 /* Release */ = {
			isa = XCBuildConfiguration;
			buildSettings = {
				ASSETCATALOG_COMPILER_APPICON_NAME = AppIcon;
				CODE_SIGN_STYLE = Automatic;
				INFOPLIST_FILE = "Roll dice/Info.plist";
				LD_RUNPATH_SEARCH_PATHS = (
					"$(inherited)",
					"@executable_path/Frameworks",
				);
				PRODUCT_BUNDLE_IDENTIFIER = "Andreas.Roll-dice";
				PRODUCT_NAME = "$(TARGET_NAME)";
				SWIFT_VERSION = 4.2;
				TARGETED_DEVICE_FAMILY = "1,2";
			};
			name = Release;
		};
		4041D1D623323E270096A239 /* Debug */ = {
			isa = XCBuildConfiguration;
			buildSettings = {
				ALWAYS_EMBED_SWIFT_STANDARD_LIBRARIES = YES;
				BUNDLE_LOADER = "$(TEST_HOST)";
				CODE_SIGN_STYLE = Automatic;
				INFOPLIST_FILE = "Roll diceTests/Info.plist";
				LD_RUNPATH_SEARCH_PATHS = (
					"$(inherited)",
					"@executable_path/Frameworks",
					"@loader_path/Frameworks",
				);
				PRODUCT_BUNDLE_IDENTIFIER = "Andreas.Roll-diceTests";
				PRODUCT_NAME = "$(TARGET_NAME)";
				SWIFT_VERSION = 4.2;
				TARGETED_DEVICE_FAMILY = "1,2";
				TEST_HOST = "$(BUILT_PRODUCTS_DIR)/Roll dice.app/Roll dice";
			};
			name = Debug;
		};
		4041D1D723323E270096A239 /* Release */ = {
			isa = XCBuildConfiguration;
			buildSettings = {
				ALWAYS_EMBED_SWIFT_STANDARD_LIBRARIES = YES;
				BUNDLE_LOADER = "$(TEST_HOST)";
				CODE_SIGN_STYLE = Automatic;
				INFOPLIST_FILE = "Roll diceTests/Info.plist";
				LD_RUNPATH_SEARCH_PATHS = (
					"$(inherited)",
					"@executable_path/Frameworks",
					"@loader_path/Frameworks",
				);
				PRODUCT_BUNDLE_IDENTIFIER = "Andreas.Roll-diceTests";
				PRODUCT_NAME = "$(TARGET_NAME)";
				SWIFT_VERSION = 4.2;
				TARGETED_DEVICE_FAMILY = "1,2";
				TEST_HOST = "$(BUILT_PRODUCTS_DIR)/Roll dice.app/Roll dice";
			};
			name = Release;
		};
		4041D1D923323E270096A239 /* Debug */ = {
			isa = XCBuildConfiguration;
			buildSettings = {
				ALWAYS_EMBED_SWIFT_STANDARD_LIBRARIES = YES;
				CODE_SIGN_STYLE = Automatic;
				INFOPLIST_FILE = "Roll diceUITests/Info.plist";
				LD_RUNPATH_SEARCH_PATHS = (
					"$(inherited)",
					"@executable_path/Frameworks",
					"@loader_path/Frameworks",
				);
				PRODUCT_BUNDLE_IDENTIFIER = "Andreas.Roll-diceUITests";
				PRODUCT_NAME = "$(TARGET_NAME)";
				SWIFT_VERSION = 4.2;
				TARGETED_DEVICE_FAMILY = "1,2";
				TEST_TARGET_NAME = "Roll dice";
			};
			name = Debug;
		};
		4041D1DA23323E270096A239 /* Release */ = {
			isa = XCBuildConfiguration;
			buildSettings = {
				ALWAYS_EMBED_SWIFT_STANDARD_LIBRARIES = YES;
				CODE_SIGN_STYLE = Automatic;
				INFOPLIST_FILE = "Roll diceUITests/Info.plist";
				LD_RUNPATH_SEARCH_PATHS = (
					"$(inherited)",
					"@executable_path/Frameworks",
					"@loader_path/Frameworks",
				);
				PRODUCT_BUNDLE_IDENTIFIER = "Andreas.Roll-diceUITests";
				PRODUCT_NAME = "$(TARGET_NAME)";
				SWIFT_VERSION = 4.2;
				TARGETED_DEVICE_FAMILY = "1,2";
				TEST_TARGET_NAME = "Roll dice";
			};
			name = Release;
		};
/* End XCBuildConfiguration section */

/* Begin XCConfigurationList section */
		4041D1A223323E220096A239 /* Build configuration list for PBXProject "Roll dice" */ = {
			isa = XCConfigurationList;
			buildConfigurations = (
				4041D1D023323E270096A239 /* Debug */,
				4041D1D123323E270096A239 /* Release */,
			);
			defaultConfigurationIsVisible = 0;
			defaultConfigurationName = Release;
		};
		4041D1D223323E270096A239 /* Build configuration list for PBXNativeTarget "Roll dice" */ = {
			isa = XCConfigurationList;
			buildConfigurations = (
				4041D1D323323E270096A239 /* Debug */,
				4041D1D423323E270096A239 /* Release */,
			);
			defaultConfigurationIsVisible = 0;
			defaultConfigurationName = Release;
		};
		4041D1D523323E270096A239 /* Build configuration list for PBXNativeTarget "Roll diceTests" */ = {
			isa = XCConfigurationList;
			buildConfigurations = (
				4041D1D623323E270096A239 /* Debug */,
				4041D1D723323E270096A239 /* Release */,
			);
			defaultConfigurationIsVisible = 0;
			defaultConfigurationName = Release;
		};
		4041D1D823323E270096A239 /* Build configuration list for PBXNativeTarget "Roll diceUITests" */ = {
			isa = XCConfigurationList;
			buildConfigurations = (
				4041D1D923323E270096A239 /* Debug */,
				4041D1DA23323E270096A239 /* Release */,
			);
			defaultConfigurationIsVisible = 0;
			defaultConfigurationName = Release;
		};
/* End XCConfigurationList section */

/* Begin XCVersionGroup section */
		4041D1B123323E220096A239 /* Roll_dice.xcdatamodeld */ = {
			isa = XCVersionGroup;
			children = (
				4041D1B223323E220096A239 /* Roll_dice.xcdatamodel */,
			);
			currentVersion = 4041D1B223323E220096A239 /* Roll_dice.xcdatamodel */;
			path = Roll_dice.xcdatamodeld;
			sourceTree = "<group>";
			versionGroupType = wrapper.xcdatamodel;
		};
/* End XCVersionGroup section */
	};
	rootObject = 4041D19F23323E220096A239 /* Project object */;
}
